version = 1
revision = 3
requires-python = ">=3.14"

[[package]]
name = "colorama"
version = "0.4.6"
source = { registry = "https://pypi.org/simple" }
sdist = { url = "https://files.pythonhosted.org/packages/d8/53/6f443c9a4a8358a93a6792e2acffb9d9d5cb0a5cfd8802644b7b1c9a02e4/colorama-0.4.6.tar.gz", hash = "sha256:08695f5cb7ed6e0531a20572697297273c47b8cae5a63ffc6d6ed5c201be6e44", size = 27697, upload-time = "2022-10-25T02:36:22.414Z" }
wheels = [
    { url = "https://files.pythonhosted.org/packages/d1/d6/3965ed04c63042e047cb6a3e6ed1a63a35087b6a609aa3a15ed8ac56c221/colorama-0.4.6-py2.py3-none-any.whl", hash = "sha256:4f1d9991f5acc0ca119f9d443620b77f9d6b33703e51011c16baf57afb285fc6", size = 25335, upload-time = "2022-10-25T02:36:20.889Z" },
]

[[package]]
name = "iniconfig"
version = "2.3.0"
source = { registry = "https://pypi.org/simple" }
sdist = { url = "https://files.pythonhosted.org/packages/72/34/14ca021ce8e5dfedc35312d08ba8bf51fdd999c576889fc2c24cb97f4f10/iniconfig-2.3.0.tar.gz", hash = "sha256:c76315c77db068650d49c5b56314774a7804df16fee4402c1f19d6d15d8c4730", size = 20503, upload-time = "2025-10-18T21:55:43.219Z" }
wheels = [
    { url = "https://files.pythonhosted.org/packages/cb/b1/3846dd7f199d53cb17f49cba7e651e9ce294d8497c8c150530ed11865bb8/iniconfig-2.3.0-py3-none-any.whl", hash = "sha256:f631c04d2c48c52b84d0d0549c99ff3859c98df65b3101406327ecc7d53fbf12", size = 7484, upload-time = "2025-10-18T21:55:41.639Z" },
]

[[package]]
name = "neurovolume"
version = "0.1.0a20"
source = { registry = "https://pypi.org/simple" }
dependencies = [
    { name = "nibabel" },
    { name = "numpy" },
    { name = "pytest" },
    { name = "ziglang" },
]
sdist = { url = "https://files.pythonhosted.org/packages/16/e5/8105f4d5557e62d66ede1347a9bf74749f6055cd03f1afbc0e72fe392638/neurovolume-0.1.0a20.tar.gz", hash = "sha256:bd0ff6c18dff7c6cf9497b52f9e3d6dad228b868d9eee81e704a2e9b3596c7c4", size = 522254, upload-time = "2026-09-07T22:41:55.798Z" }
wheels = [
    { url = "https://files.pythonhosted.org/packages/0e/80/aae46b0d34982b343f62a4e05ce84b2f8f8488fec88c8946041d6b158e4a/neurovolume-0.1.0a20-py3-none-any.whl", hash = "sha256:587c071497c99a311e6dd9c7287edbd9bc933d823f06192948431d765ccd4a39", size = 521779, upload-time = "2026-09-07T22:41:54.496Z" },
]

[[package]]
name = "neurovolume-dicom"
version = "0.1.0"
source = { virtual = "." }
dependencies = [
    { name = "neurovolume" },
    { name = "numpy" },
    { name = "pydicom" },
]

[package.metadata]
requires-dist = [
    { name = "neurovolume", specifier = ">=0.1.0a20" },
    { name = "numpy", specifier = "==1.26.4" },
    { name = "pydicom", specifier = ">=3.0.2" },
]

[[package]]
name = "nibabel"
version = "5.4.2"
source = { registry = "https://pypi.org/simple" }
dependencies = [
    { name = "numpy" },
    { name = "packaging" },
]
sdist = { url = "https://files.pythonhosted.org/packages/a3/01/3d2cc510c616bc8e27be17a063070d9126f69407961594a9ae734ea51121/nibabel-5.4.2.tar.gz", hash = "sha256:d5f4b9076a13178ae7f7acf18c8dbd503ee1c4d5c0c23b85df7be87efcbb49da", size = 4663132, upload-time = "2026-03-11T13:31:52.42Z" }
wheels = [
    { url = "https://files.pythonhosted.org/packages/3b/d7/601b6396b33536811668935faa790112266c70661be94555999be431f86f/nibabel-5.4.2-py3-none-any.whl", hash = "sha256:553482c5f1e1034fc312edf6fb7f32236c0056439845d1c29293b7e8c98d4854", size = 3300985, upload-time = "2026-03-11T13:31:50.028Z" },
]

[[package]]
name = "numpy"
version = "1.26.4"
source = { registry = "https://pypi.org/simple" }
sdist = { url = "https://files.pythonhosted.org/packages/65/6e/09db70a523a96d25e115e71cc56a6f9031e7b8cd166c1ac8438307c14058/numpy-1.26.4.tar.gz", hash = "sha256:2a02aba9ed12e4ac4eb3ea9421c420301a0c6460d9830d74a9df87efa4912010", size = 15786129, upload-time = "2024-02-06T00:26:44.495Z" }

[[package]]
name = "packaging"
version = "26.3"
source = { registry = "https://pypi.org/simple" }
sdist = { url = "https://files.pythonhosted.org/packages/7d/fa/3944b40b07da9ce895c0e6303a5ab7d53da063554f534556b134a54d6093/packaging-26.3.tar.gz", hash = "sha256:94edc256424af38762eb31306eed28beb9f0efc50a8837492c9d6fd6004aed79", size = 313412, upload-time = "2026-08-04T18:15:28.737Z" }
wheels = [
    { url = "https://files.pythonhosted.org/packages/63/34/ba1c580383c9eada3711951fef0795c80b829a078d72188184bcab9dd527/packaging-26.3-py3-none-any.whl", hash = "sha256:d7193f7c8e4e93f444fde0262bf90af30e16fa0ad0ad44cb553c87339b23cd1c", size = 129956, upload-time = "2026-08-04T18:15:27.159Z" },
]

[[package]]
name = "pluggy"
version = "1.6.0"
source = { registry = "https://pypi.org/simple" }
sdist = { url = "https://files.pythonhosted.org/packages/f9/e2/3e91f31a7d2b083fe6ef3fa267035b518369d9511ffab804f839851d2779/pluggy-1.6.0.tar.gz", hash = "sha256:7dcc130b76258d33b90f61b658791dede3486c3e6bfb003ee5c9bfb396dd22f3", size = 69412, upload-time = "2025-05-15T12:30:07.975Z" }
wheels = [
    { url = "https://files.pythonhosted.org/packages/54/20/4d324d65cc6d9205fabedc306948156824eb9f0ee1633355a8f7ec5c66bf/pluggy-1.6.0-py3-none-any.whl", hash = "sha256:e920276dd6813095e9377c0bc5566d94c932c33b27a3e3945d8389c374dd4746", size = 20538, upload-time = "2025-05-15T12:30:06.134Z" },
]

[[package]]
name = "pydicom"
version = "3.0.2"
source = { registry = "https://pypi.org/simple" }
sdist = { url = "https://files.pythonhosted.org/packages/7a/de/52aaf905f1f0ae7aba85996e2592ea2c1fe49157f3cfbcd1871965bdb51d/pydicom-3.0.2.tar.gz", hash = "sha256:5942bfc2d72c6fa4b3b5b62c527f54b7f2355f21d6f5d296df6bb30188df6a4f", size = 2886792, upload-time = "2026-03-19T21:46:20.935Z" }
wheels = [
    { url = "https://files.pythonhosted.org/packages/46/e0/60466c6d712dad2cf807df315e39863e91609ffd1064ecb835994460bbda/pydicom-3.0.2-py3-none-any.whl", hash = "sha256:abf971a5440f84dbaf42c4b6758e30e62480902584f8b270b9a5d146e278a07b", size = 2376822, upload-time = "2026-03-19T21:46:19.042Z" },
]

[[package]]
name = "pygments"
version = "2.21.0"
source = { registry = "https://pypi.org/simple" }
sdist = { url = "https://files.pythonhosted.org/packages/49/2e/ced460408999b33da6b31b0021b0f37d329e202d4169aeb164493778f25b/pygments-2.21.0.tar.gz", hash = "sha256:610ca751c9bc2492b38eb9a38a7fbc93edbbb2d7182edaf34e66ae493dee5c8c", size = 5005329, upload-time = "2026-08-17T08:02:48.824Z" }
wheels = [
    { url = "https://files.pythonhosted.org/packages/71/46/17f022dd3e953bf20a04a028a21ec746d942f8d2af30fa0f124fa0e6a684/pygments-2.21.0-py3-none-any.whl", hash = "sha256:2363c69b61c4a97c838da3b130dcd6468f4848992b21a82f2a63ec34377137d9", size = 1250147, upload-time = "2026-08-17T08:02:44.912Z" },
]

[[package]]
name = "pytest"
version = "9.1.1"
source = { registry = "https://pypi.org/simple" }
dependencies = [
    { name = "colorama", marker = "sys_platform == 'win32'" },
    { name = "iniconfig" },
    { name = "packaging" },
    { name = "pluggy" },
    { name = "pygments" },
]
sdist = { url = "https://files.pythonhosted.org/packages/e4/47/b9efed96c114afcfa3c9d3fe98a76a1d14c74a9e266d397cf6eb64be5e01/pytest-9.1.1.tar.gz", hash = "sha256:1088fbde8f2b49d95a549a195707afa7a76a3ce9bcadc26b6d71f0ffda5fe313", size = 1636369, upload-time = "2026-06-19T10:58:32.857Z" }
wheels = [
    { url = "https://files.pythonhosted.org/packages/24/25/1de2678b631f5a49215c6c96fff41ba892b0a34df68d6d80292b1b48aa7f/pytest-9.1.1-py3-none-any.whl", hash = "sha256:37a86b45efb9a47a61a36449063e8e18d0cab3161329fc099eb21783169c4f0c", size = 386536, upload-time = "2026-06-19T10:58:31.347Z" },
]

[[package]]
name = "ziglang"
version = "0.16.0"
source = { registry = "https://pypi.org/simple" }
wheels = [
    { url = "https://files.pythonhosted.org/packages/cd/59/012f0c2800f7428b87bb16c5c78db7ef806efed274491998155955c02558/ziglang-0.16.0-py3-none-macosx_12_0_arm64.whl", hash = "sha256:b61e5413c49508d9d62e5dcea543e3af491594154d74a00ff52f84ed508260cc", size = 97252633, upload-time = "2026-04-15T03:55:02.488Z" },
    { url = "https://files.pythonhosted.org/packages/75/60/f924aa24b95a1ad347e845acc7ab6b5d062ae5b0b540d494654cd40d4e0b/ziglang-0.16.0-py3-none-macosx_12_0_x86_64.whl", hash = "sha256:18e14f6b25678d7b7c65708c82501ee6090fe39ed5c783477d56267af1fa5629", size = 101228024, upload-time = "2026-04-15T03:55:12.268Z" },
    { url = "https://files.pythonhosted.org/packages/cd/aa/7966d158d768fb0e40bf5fef6e7ffe230dfee502382782ec39be1331ee4a/ziglang-0.16.0-py3-none-manylinux_2_12_i686.manylinux2010_i686.musllinux_1_1_i686.whl", hash = "sha256:8b83661247430aa335b3cbc29569084900412dde5633b02c80a6d2ff734de3d2", size = 101810276, upload-time = "2026-04-15T03:55:17.843Z" },
    { url = "https://files.pythonhosted.org/packages/3e/ed/7b79023aa27ceb5d461ecf761181e7c33c57bbc1a6256a39535d1c7083d2/ziglang-0.16.0-py3-none-manylinux_2_12_x86_64.manylinux2010_x86_64.musllinux_1_1_x86_64.whl", hash = "sha256:9fcda73f62b851dd72a54b710ad40a209896db14cfb13649e62191243556342b", size = 97941847, upload-time = "2026-04-15T03:55:23.246Z" },
    { url = "https://files.pythonhosted.org/packages/7e/ed/d6663a5e52c504944d578b9e0bfcb7857f292803bcd09ebe0d10fe2b293d/ziglang-0.16.0-py3-none-manylinux_2_17_aarch64.manylinux2014_aarch64.musllinux_1_1_aarch64.whl", hash = "sha256:e27d409812b11e0fb89ed0200cf2e55b6464d43f9461553104e4a4f9a94a1fd5", size = 95008112, upload-time = "2026-04-15T03:55:32.025Z" },
    { url = "https://files.pythonhosted.org/packages/07/e4/beae76926e3070978d06fa156b243642d5f75ffd784f7cd64e783520e456/ziglang-0.16.0-py3-none-manylinux_2_17_armv7l.manylinux2014_armv7l.musllinux_1_1_armv7l.whl", hash = "sha256:7249779f0f916cfd2d1a9d54eb7600f3901384dc8dcbe1eea226bd32a8237fb5", size = 95860236, upload-time = "2026-04-15T03:55:37.069Z" },
    { url = "https://files.pythonhosted.org/packages/b6/fc/5cb1555281d2a998355ee7081f05f45d2f6a2789ca0fcb02015cfcb4b900/ziglang-0.16.0-py3-none-manylinux_2_17_ppc64le.manylinux2014_ppc64le.musllinux_1_1_ppc64le.whl", hash = "sha256:0fd671c599f6961638cc302cf1f9461486696385311d4c0276171dcf7d2b67f5", size = 104100995, upload-time = "2026-04-15T03:55:42.594Z" },
    { url = "https://files.pythonhosted.org/packages/4a/34/e0138d89ec47da986ac08009ae8802af052c1e335163d983c074d9eaa1c3/ziglang-0.16.0-py3-none-manylinux_2_17_s390x.manylinux2014_s390x.musllinux_1_1_s390x.whl", hash = "sha256:df0e6599e41d087c912b0d3d7cedef6c9cb1f0032465c8fc820e9986772d11e4", size = 103517876, upload-time = "2026-04-15T03:55:48.695Z" },
    { url = "https://files.pythonhosted.org/packages/fe/29/d281591fa0be47aefcb23ac379cdbff5b34a1fdaafa139a5f8703ca9559c/ziglang-0.16.0-py3-none-manylinux_2_31_riscv64.musllinux_1_1_riscv64.whl", hash = "sha256:d4bd8197344fffe276e1d6446e4ef7bc38637d821b4685fe96a936503d4b0619", size = 98388042, upload-time = "2026-04-15T03:55:54.114Z" },
    { url = "https://files.pythonhosted.org/packages/5d/f0/10a5203071af21bd649a0f97e29f70b710d6ad97b1ac1995a0bb30f51a71/ziglang-0.16.0-py3-none-win32.whl", hash = "sha256:f978c12b5337cf418034964de00023b7ec5ec484383dc97c6a6585f4a9105840", size = 100655765, upload-time = "2026-04-15T03:55:59.7Z" },
    { url = "https://files.pythonhosted.org/packages/a6/3c/baff40b3fc8ab4e83530246a52e8f3a5186c3606562712dfb58483b04f79/ziglang-0.16.0-py3-none-win_amd64.whl", hash = "sha256:089a16a4eb5a2f45151993342f8fabad24ff1a0723dc146642895c29208a3939", size = 98676957, upload-time = "2026-04-15T03:56:05.934Z" },
    { url = "https://files.pythonhosted.org/packages/f0/0b/bff28a4acc437cb7da705bffafd81fafbbd37a23144363cecc72becaef93/ziglang-0.16.0-py3-none-win_arm64.whl", hash = "sha256:e44a5271f7b72f7980017bb615823ed52e765f96b6482d93a2fd338cd53101bf", size = 94347646, upload-time = "2026-04-15T03:56:11.85Z" },
]
